
Microsoft Visual Studio Solution File, Format Version 12.00
# Visual Studio Version 16
VisualStudioVersion = 16.0.31613.86
MinimumVisualStudioVersion = 10.0.40219.1
Project("{9A19103F-16F7-4668-BE54-9A1E7A4F7556}") = "EmaaWebApi", "EmaaWebApi.csproj", "{083B74BE-BCD2-4026-AA26-3B4701EC28A9}"
EndProject
Project("{9A19103F-16F7-4668-BE54-9A1E7A4F7556}") = "EmaaWebApi.UnitTests", "..\EmaaWebApi.UnitTests\EmaaWebApi.UnitTests.csproj", "{30A4AA5A-A0B1-4689-A572-A1C29210A638}"
EndProject
Global
	GlobalSection(SolutionConfigurationPlatforms) = preSolution
		Debug|Any CPU = Debug|Any CPU
		Release|Any CPU = Release|Any CPU
	EndGlobalSection
	GlobalSection(ProjectConfigurationPlatforms) = postSolution
		{083B74BE-BCD2-4026-AA26-3B4701EC28A9}.Debug|Any CPU.ActiveCfg = Debug|Any CPU
		{083B74BE-BCD2-4026-AA26-3B4701EC28A9}.Debug|Any CPU.Build.0 = Debug|Any CPU
		{083B74BE-BCD2-4026-AA26-3B4701EC28A9}.Release|Any CPU.ActiveCfg = Release|Any CPU
		{083B74BE-BCD2-4026-AA26-3B4701EC28A9}.Release|Any CPU.Build.0 = Release|Any CPU
		{30A4AA5A-A0B1-4689-A572-A1C29210A638}.Debug|Any CPU.ActiveCfg = Debug|Any CPU
		{30A4AA5A-A0B1-4689-A572-A1C29210A638}.Debug|Any CPU.Build.0 = Debug|Any CPU
		{30A4AA5A-A0B1-4689-A572-A1C29210A638}.Release|Any CPU.ActiveCfg = Release|Any CPU
		{30A4AA5A-A0B1-4689-A572-A1C29210A638}.Release|Any CPU.Build.0 = Release|Any CPU
	EndGlobalSection
	GlobalSection(SolutionProperties) = preSolution
		HideSolutionNode = FALSE
	EndGlobalSection
	GlobalSection(ExtensibilityGlobals) = postSolution
		SolutionGuid = {E7C60B8C-2F8E-4D74-BE7B-94078CBD649F}
	EndGlobalSection
EndGlobal
